// !$*UTF8*$!
{
	archiveVersion = 1;
	classes = {
	};
	objectVersion = 56;
	objects = {

/* Begin PBXBuildFile section */
		BAC6941D2975980C003BDCC9 /* AppDelegate.swift in Sources */ = {isa = PBXBuildFile; fileRef = BAC6941C2975980C003BDCC9 /* AppDelegate.swift */; };
		BAC6941F2975980C003BDCC9 /* SceneDelegate.swift in Sources */ = {isa = PBXBuildFile; fileRef = BAC6941E2975980C003BDCC9 /* SceneDelegate.swift */; };
		BAC694212975980C003BDCC9 /* ViewController.swift in Sources */ = {isa = PBXBuildFile; fileRef = BAC694202975980C003BDCC9 /* ViewController.swift */; };
		BAC694242975980C003BDCC9 /* Main.storyboard in Resources */ = {isa = PBXBuildFile; fileRef = BAC694222975980C003BDCC9 /* Main.storyboard */; };
		BAC694262975980D003BDCC9 /* Assets.xcassets in Resources */ = {isa = PBXBuildFile; fileRef = BAC694252975980D003BDCC9 /* Assets.xcassets */; };
		BAC694292975980D003BDCC9 /* LaunchScreen.storyboard in Resources */ = {isa = PBXBuildFile; fileRef = BAC694272975980D003BDCC9 /* LaunchScreen.storyboard */; };
		BAC694342975980D003BDCC9 /* swipematterTests.swift in Sources */ = {isa = PBXBuildFile; fileRef = BAC694332975980D003BDCC9 /* swipematterTests.swift */; };
		BAC6943E2975980D003BDCC9 /* swipematterUITests.swift in Sources */ = {isa = PBXBuildFile; fileRef = BAC6943D2975980D003BDCC9 /* swipematterUITests.swift */; };
		BAC694402975980D003BDCC9 /* swipematterUITestsLaunchTests.swift in Sources */ = {isa = PBXBuildFile; fileRef = BAC6943F2975980D003BDCC9 /* swipematterUITestsLaunchTests.swift */; };
		BAC6944D29759881003BDCC9 /* ShapeView.swift in Sources */ = {isa = PBXBuildFile; fileRef = BAC6944C29759881003BDCC9 /* ShapeView.swift */; };
		BAC6944F2975989D003BDCC9 /* MenuView.swift in Sources */ = {isa = PBXBuildFile; fileRef = BAC6944E2975989D003BDCC9 /* MenuView.swift */; };
		BAC69451297598B5003BDCC9 /* ColorTheme.swift in Sources */ = {isa = PBXBuildFile; fileRef = BAC69450297598B5003BDCC9 /* ColorTheme.swift */; };
		BAC69453297598C2003BDCC9 /* Model.swift in Sources */ = {isa = PBXBuildFile; fileRef = BAC69452297598C2003BDCC9 /* Model.swift */; };
		BAC69455297598D4003BDCC9 /* Level.swift in Sources */ = {isa = PBXBuildFile; fileRef = BAC69454297598D4003BDCC9 /* Level.swift */; };
		BAC69457297598E7003BDCC9 /* Instructions.swift in Sources */ = {isa = PBXBuildFile; fileRef = BAC69456297598E7003BDCC9 /* Instructions.swift */; };
		BAC69459297598F8003BDCC9 /* Piece.swift in Sources */ = {isa = PBXBuildFile; fileRef = BAC69458297598F8003BDCC9 /* Piece.swift */; };
		BAC6945B29759903003BDCC9 /* Board.swift in Sources */ = {isa = PBXBuildFile; fileRef = BAC6945A29759903003BDCC9 /* Board.swift */; };
		BAC6945D29759917003BDCC9 /* NextView.swift in Sources */ = {isa = PBXBuildFile; fileRef = BAC6945C29759917003BDCC9 /* NextView.swift */; };
		BAC6945F29759926003BDCC9 /* GridPoints.swift in Sources */ = {isa = PBXBuildFile; fileRef = BAC6945E29759926003BDCC9 /* GridPoints.swift */; };
/* End PBXBuildFile section */

/* Begin PBXContainerItemProxy section */
		BAC694302975980D003BDCC9 /* PBXContainerItemProxy */ = {
			isa = PBXContainerItemProxy;
			containerPortal = BAC694112975980C003BDCC9 /* Project object */;
			proxyType = 1;
			remoteGlobalIDString = BAC694182975980C003BDCC9;
			remoteInfo = swipematter;
		};
		BAC6943A2975980D003BDCC9 /* PBXContainerItemProxy */ = {
			isa = PBXContainerItemProxy;
			containerPortal = BAC694112975980C003BDCC9 /* Project object */;
			proxyType = 1;
			remoteGlobalIDString = BAC694182975980C003BDCC9;
			remoteInfo = swipematter;
		};
/* End PBXContainerItemProxy section */

/* Begin PBXFileReference section */
		BAC694192975980C003BDCC9 /* swipematter.app */ = {isa = PBXFileReference; explicitFileType = wrapper.application; includeInIndex = 0; path = swipematter.app; sourceTree = BUILT_PRODUCTS_DIR; };
		BAC6941C2975980C003BDCC9 /* AppDelegate.swift */ = {isa = PBXFileReference; lastKnownFileType = sourcecode.swift; path = AppDelegate.swift; sourceTree = "<group>"; };
		BAC6941E2975980C003BDCC9 /* SceneDelegate.swift */ = {isa = PBXFileReference; lastKnownFileType = sourcecode.swift; path = SceneDelegate.swift; sourceTree = "<group>"; };
		BAC694202975980C003BDCC9 /* ViewController.swift */ = {isa = PBXFileReference; lastKnownFileType = sourcecode.swift; path = ViewController.swift; sourceTree = "<group>"; };
		BAC694232975980C003BDCC9 /* Base */ = {isa = PBXFileReference; lastKnownFileType = file.storyboard; name = Base; path = Base.lproj/Main.storyboard; sourceTree = "<group>"; };
		BAC694252975980D003BDCC9 /* Assets.xcassets */ = {isa = PBXFileReference; lastKnownFileType = folder.assetcatalog; path = Assets.xcassets; sourceTree = "<group>"; };
		BAC694282975980D003BDCC9 /* Base */ = {isa = PBXFileReference; lastKnownFileType = file.storyboard; name = Base; path = Base.lproj/LaunchScreen.storyboard; sourceTree = "<group>"; };
		BAC6942A2975980D003BDCC9 /* Info.plist */ = {isa = PBXFileReference; lastKnownFileType = text.plist.xml; path = Info.plist; sourceTree = "<group>"; };
		BAC6942F2975980D003BDCC9 /* swipematterTests.xctest */ = {isa = PBXFileReference; explicitFileType = wrapper.cfbundle; includeInIndex = 0; path = swipematterTests.xctest; sourceTree = BUILT_PRODUCTS_DIR; };
		BAC694332975980D003BDCC9 /* swipematterTests.swift */ = {isa = PBXFileReference; lastKnownFileType = sourcecode.swift; path = swipematterTests.swift; sourceTree = "<group>"; };
		BAC694392975980D003BDCC9 /* swipematterUITests.xctest */ = {isa = PBXFileReference; explicitFileType = wrapper.cfbundle; includeInIndex = 0; path = swipematterUITests.xctest; sourceTree = BUILT_PRODUCTS_DIR; };
		BAC6943D2975980D003BDCC9 /* swipematterUITests.swift */ = {isa = PBXFileReference; lastKnownFileType = sourcecode.swift; path = swipematterUITests.swift; sourceTree = "<group>"; };
		BAC6943F2975980D003BDCC9 /* swipematterUITestsLaunchTests.swift */ = {isa = PBXFileReference; lastKnownFileType = sourcecode.swift; path = swipematterUITestsLaunchTests.swift; sourceTree = "<group>"; };
		BAC6944C29759881003BDCC9 /* ShapeView.swift */ = {isa = PBXFileReference; lastKnownFileType = sourcecode.swift; path = ShapeView.swift; sourceTree = "<group>"; };
		BAC6944E2975989D003BDCC9 /* MenuView.swift */ = {isa = PBXFileReference; lastKnownFileType = sourcecode.swift; path = MenuView.swift; sourceTree = "<group>"; };
		BAC69450297598B5003BDCC9 /* ColorTheme.swift */ = {isa = PBXFileReference; lastKnownFileType = sourcecode.swift; path = ColorTheme.swift; sourceTree = "<group>"; };
		BAC69452297598C2003BDCC9 /* Model.swift */ = {isa = PBXFileReference; lastKnownFileType = sourcecode.swift; path = Model.swift; sourceTree = "<group>"; };
		BAC69454297598D4003BDCC9 /* Level.swift */ = {isa = PBXFileReference; lastKnownFileType = sourcecode.swift; path = Level.swift; sourceTree = "<group>"; };
		BAC69456297598E7003BDCC9 /* Instructions.swift */ = {isa = PBXFileReference; lastKnownFileType = sourcecode.swift; path = Instructions.swift; sourceTree = "<group>"; };
		BAC69458297598F8003BDCC9 /* Piece.swift */ = {isa = PBXFileReference; lastKnownFileType = sourcecode.swift; path = Piece.swift; sourceTree = "<group>"; };
		BAC6945A29759903003BDCC9 /* Board.swift */ = {isa = PBXFileReference; lastKnownFileType = sourcecode.swift; path = Board.swift; sourceTree = "<group>"; };
		BAC6945C29759917003BDCC9 /* NextView.swift */ = {isa = PBXFileReference; lastKnownFileType = sourcecode.swift; path = NextView.swift; sourceTree = "<group>"; };
		BAC6945E29759926003BDCC9 /* GridPoints.swift */ = {isa = PBXFileReference; lastKnownFileType = sourcecode.swift; path = GridPoints.swift; sourceTree = "<group>"; };
/* End PBXFileReference section */

/* Begin PBXFrameworksBuildPhase section */
		BAC694162975980C003BDCC9 /* Frameworks */ = {
			isa = PBXFrameworksBuildPhase;
			buildActionMask = 2147483647;
			files = (
			);
			runOnlyForDeploymentPostprocessing = 0;
		};
		BAC6942C2975980D003BDCC9 /* Frameworks */ = {
			isa = PBXFrameworksBuildPhase;
			buildActionMask = 2147483647;
			files = (
			);
			runOnlyForDeploymentPostprocessing = 0;
		};
		BAC694362975980D003BDCC9 /* Frameworks */ = {
			isa = PBXFrameworksBuildPhase;
			buildActionMask = 2147483647;
			files = (
			);
			runOnlyForDeploymentPostprocessing = 0;
		};
/* End PBXFrameworksBuildPhase section */

/* Begin PBXGroup section */
		BAC694102975980C003BDCC9 = {
			isa = PBXGroup;
			children = (
				BAC6941B2975980C003BDCC9 /* swipematter */,
				BAC694322975980D003BDCC9 /* swipematterTests */,
				BAC6943C2975980D003BDCC9 /* swipematterUITests */,
				BAC6941A2975980C003BDCC9 /* Products */,
			);
			sourceTree = "<group>";
		};
		BAC6941A2975980C003BDCC9 /* Products */ = {
			isa = PBXGroup;
			children = (
				BAC694192975980C003BDCC9 /* swipematter.app */,
				BAC6942F2975980D003BDCC9 /* swipematterTests.xctest */,
				BAC694392975980D003BDCC9 /* swipematterUITests.xctest */,
			);
			name = Products;
			sourceTree = "<group>";
		};
		BAC6941B2975980C003BDCC9 /* swipematter */ = {
			isa = PBXGroup;
			children = (
				BAC6941C2975980C003BDCC9 /* AppDelegate.swift */,
				BAC6941E2975980C003BDCC9 /* SceneDelegate.swift */,
				BAC694202975980C003BDCC9 /* ViewController.swift */,
				BAC6944C29759881003BDCC9 /* ShapeView.swift */,
				BAC6944E2975989D003BDCC9 /* MenuView.swift */,
				BAC69450297598B5003BDCC9 /* ColorTheme.swift */,
				BAC69452297598C2003BDCC9 /* Model.swift */,
				BAC69454297598D4003BDCC9 /* Level.swift */,
				BAC69456297598E7003BDCC9 /* Instructions.swift */,
				BAC69458297598F8003BDCC9 /* Piece.swift */,
				BAC6945A29759903003BDCC9 /* Board.swift */,
				BAC6945C29759917003BDCC9 /* NextView.swift */,
				BAC6945E29759926003BDCC9 /* GridPoints.swift */,
				BAC694222975980C003BDCC9 /* Main.storyboard */,
				BAC694252975980D003BDCC9 /* Assets.xcassets */,
				BAC694272975980D003BDCC9 /* LaunchScreen.storyboard */,
				BAC6942A2975980D003BDCC9 /* Info.plist */,
			);
			path = swipematter;
			sourceTree = "<group>";
		};
		BAC694322975980D003BDCC9 /* swipematterTests */ = {
			isa = PBXGroup;
			children = (
				BAC694332975980D003BDCC9 /* swipematterTests.swift */,
			);
			path = swipematterTests;
			sourceTree = "<group>";
		};
		BAC6943C2975980D003BDCC9 /* swipematterUITests */ = {
			isa = PBXGroup;
			children = (
				BAC6943D2975980D003BDCC9 /* swipematterUITests.swift */,
				BAC6943F2975980D003BDCC9 /* swipematterUITestsLaunchTests.swift */,
			);
			path = swipematterUITests;
			sourceTree = "<group>";
		};
/* End PBXGroup section */

/* Begin PBXNativeTarget section */
		BAC694182975980C003BDCC9 /* swipematter */ = {
			isa = PBXNativeTarget;
			buildConfigurationList = BAC694432975980D003BDCC9 /* Build configuration list for PBXNativeTarget "swipematter" */;
			buildPhases = (
				BAC694152975980C003BDCC9 /* Sources */,
				BAC694162975980C003BDCC9 /* Frameworks */,
				BAC694172975980C003BDCC9 /* Resources */,
			);
			buildRules = (
			);
			dependencies = (
			);
			name = swipematter;
			productName = swipematter;
			productReference = BAC694192975980C003BDCC9 /* swipematter.app */;
			productType = "com.apple.product-type.application";
		};
		BAC6942E2975980D003BDCC9 /* swipematterTests */ = {
			isa = PBXNativeTarget;
			buildConfigurationList = BAC694462975980D003BDCC9 /* Build configuration list for PBXNativeTarget "swipematterTests" */;
			buildPhases = (
				BAC6942B2975980D003BDCC9 /* Sources */,
				BAC6942C2975980D003BDCC9 /* Frameworks */,
				BAC6942D2975980D003BDCC9 /* Resources */,
			);
			buildRules = (
			);
			dependencies = (
				BAC694312975980D003BDCC9 /* PBXTargetDependency */,
			);
			name = swipematterTests;
			productName = swipematterTests;
			productReference = BAC6942F2975980D003BDCC9 /* swipematterTests.xctest */;
			productType = "com.apple.product-type.bundle.unit-test";
		};
		BAC694382975980D003BDCC9 /* swipematterUITests */ = {
			isa = PBXNativeTarget;
			buildConfigurationList = BAC694492975980D003BDCC9 /* Build configuration list for PBXNativeTarget "swipematterUITests" */;
			buildPhases = (
				BAC694352975980D003BDCC9 /* Sources */,
				BAC694362975980D003BDCC9 /* Frameworks */,
				BAC694372975980D003BDCC9 /* Resources */,
			);
			buildRules = (
			);
			dependencies = (
				BAC6943B2975980D003BDCC9 /* PBXTargetDependency */,
			);
			name = swipematterUITests;
			productName = swipematterUITests;
			productReference = BAC694392975980D003BDCC9 /* swipematterUITests.xctest */;
			productType = "com.apple.product-type.bundle.ui-testing";
		};
/* End PBXNativeTarget section */

/* Begin PBXProject section */
		BAC694112975980C003BDCC9 /* Project object */ = {
			isa = PBXProject;
			attributes = {
				BuildIndependentTargetsInParallel = 1;
				LastSwiftUpdateCheck = 1420;
				LastUpgradeCheck = 1420;
				TargetAttributes = {
					BAC694182975980C003BDCC9 = {
						CreatedOnToolsVersion = 14.2;
					};
					BAC6942E2975980D003BDCC9 = {
						CreatedOnToolsVersion = 14.2;
						TestTargetID = BAC694182975980C003BDCC9;
					};
					BAC694382975980D003BDCC9 = {
						CreatedOnToolsVersion = 14.2;
						TestTargetID = BAC694182975980C003BDCC9;
					};
				};
			};
			buildConfigurationList = BAC694142975980C003BDCC9 /* Build configuration list for PBXProject "swipematter" */;
			compatibilityVersion = "Xcode 14.0";
			developmentRegion = en;
			hasScannedForEncodings = 0;
			knownRegions = (
				en,
				Base,
			);
			mainGroup = BAC694102975980C003BDCC9;
			productRefGroup = BAC6941A2975980C003BDCC9 /* Products */;
			projectDirPath = "";
			projectRoot = "";
			targets = (
				BAC694182975980C003BDCC9 /* swipematter */,
				BAC6942E2975980D003BDCC9 /* swipematterTests */,
				BAC694382975980D003BDCC9 /* swipematterUITests */,
			);
		};
/* End PBXProject section */

/* Begin PBXResourcesBuildPhase section */
		BAC694172975980C003BDCC9 /* Resources */ = {
			isa = PBXResourcesBuildPhase;
			buildActionMask = 2147483647;
			files = (
				BAC694292975980D003BDCC9 /* LaunchScreen.storyboard in Resources */,
				BAC694262975980D003BDCC9 /* Assets.xcassets in Resources */,
				BAC694242975980C003BDCC9 /* Main.storyboard in Resources */,
			);
			runOnlyForDeploymentPostprocessing = 0;
		};
		BAC6942D2975980D003BDCC9 /* Resources */ = {
			isa = PBXResourcesBuildPhase;
			buildActionMask = 2147483647;
			files = (
			);
			runOnlyForDeploymentPostprocessing = 0;
		};
		BAC694372975980D003BDCC9 /* Resources */ = {
			isa = PBXResourcesBuildPhase;
			buildActionMask = 2147483647;
			files = (
			);
			runOnlyForDeploymentPostprocessing = 0;
		};
/* End PBXResourcesBuildPhase section */

/* Begin PBXSourcesBuildPhase section */
		BAC694152975980C003BDCC9 /* Sources */ = {
			isa = PBXSourcesBuildPhase;
			buildActionMask = 2147483647;
			files = (
				BAC69453297598C2003BDCC9 /* Model.swift in Sources */,
				BAC69457297598E7003BDCC9 /* Instructions.swift in Sources */,
				BAC69459297598F8003BDCC9 /* Piece.swift in Sources */,
				BAC6944F2975989D003BDCC9 /* MenuView.swift in Sources */,
				BAC6945B29759903003BDCC9 /* Board.swift in Sources */,
				BAC694212975980C003BDCC9 /* ViewController.swift in Sources */,
				BAC6941D2975980C003BDCC9 /* AppDelegate.swift in Sources */,
				BAC69451297598B5003BDCC9 /* ColorTheme.swift in Sources */,
				BAC6944D29759881003BDCC9 /* ShapeView.swift in Sources */,
				BAC69455297598D4003BDCC9 /* Level.swift in Sources */,
				BAC6941F2975980C003BDCC9 /* SceneDelegate.swift in Sources */,
				BAC6945D29759917003BDCC9 /* NextView.swift in Sources */,
				BAC6945F29759926003BDCC9 /* GridPoints.swift in Sources */,
			);
			runOnlyForDeploymentPostprocessing = 0;
		};
		BAC6942B2975980D003BDCC9 /* Sources */ = {
			isa = PBXSourcesBuildPhase;
			buildActionMask = 2147483647;
			files = (
				BAC694342975980D003BDCC9 /* swipematterTests.swift in Sources */,
			);
			runOnlyForDeploymentPostprocessing = 0;
		};
		BAC694352975980D003BDCC9 /* Sources */ = {
			isa = PBXSourcesBuildPhase;
			buildActionMask = 2147483647;
			files = (
				BAC694402975980D003BDCC9 /* swipematterUITestsLaunchTests.swift in Sources */,
				BAC6943E2975980D003BDCC9 /* swipematterUITests.swift in Sources */,
			);
			runOnlyForDeploymentPostprocessing = 0;
		};
/* End PBXSourcesBuildPhase section */

/* Begin PBXTargetDependency section */
		BAC694312975980D003BDCC9 /* PBXTargetDependency */ = {
			isa = PBXTargetDependency;
			target = BAC694182975980C003BDCC9 /* swipematter */;
			targetProxy = BAC694302975980D003BDCC9 /* PBXContainerItemProxy */;
		};
		BAC6943B2975980D003BDCC9 /* PBXTargetDependency */ = {
			isa = PBXTargetDependency;
			target = BAC694182975980C003BDCC9 /* swipematter */;
			targetProxy = BAC6943A2975980D003BDCC9 /* PBXContainerItemProxy */;
		};
/* End PBXTargetDependency section */

/* Begin PBXVariantGroup section */
		BAC694222975980C003BDCC9 /* Main.storyboard */ = {
			isa = PBXVariantGroup;
			children = (
				BAC694232975980C003BDCC9 /* Base */,
			);
			name = Main.storyboard;
			sourceTree = "<group>";
		};
		BAC694272975980D003BDCC9 /* LaunchScreen.storyboard */ = {
			isa = PBXVariantGroup;
			children = (
				BAC694282975980D003BDCC9 /* Base */,
			);
			name = LaunchScreen.storyboard;
			sourceTree = "<group>";
		};
/* End PBXVariantGroup section */

/* Begin XCBuildConfiguration section */
		BAC694412975980D003BDCC9 /* Debug */ = {
			isa = XCBuildConfiguration;
			buildSettings = {
				ALWAYS_SEARCH_USER_PATHS = NO;
				CLANG_ANALYZER_NONNULL = YES;
				CLANG_ANALYZER_NUMBER_OBJECT_CONVERSION = YES_AGGRESSIVE;
				CLANG_CXX_LANGUAGE_STANDARD = "gnu++20";
				CLANG_ENABLE_MODULES = YES;
				CLANG_ENABLE_OBJC_ARC = YES;
				CLANG_ENABLE_OBJC_WEAK = YES;
				CLANG_WARN_BLOCK_CAPTURE_AUTORELEASING = YES;
				CLANG_WARN_BOOL_CONVERSION = YES;
				CLANG_WARN_COMMA = YES;
				CLANG_WARN_CONSTANT_CONVERSION = YES;
				CLANG_WARN_DEPRECATED_OBJC_IMPLEMENTATIONS = YES;
				CLANG_WARN_DIRECT_OBJC_ISA_USAGE = YES_ERROR;
				CLANG_WARN_DOCUMENTATION_COMMENTS = YES;
				CLANG_WARN_EMPTY_BODY = YES;
				CLANG_WARN_ENUM_CONVERSION = YES;
				CLANG_WARN_INFINITE_RECURSION = YES;
				CLANG_WARN_INT_CONVERSION = YES;
				CLANG_WARN_NON_LITERAL_NULL_CONVERSION = YES;
				CLANG_WARN_OBJC_IMPLICIT_RETAIN_SELF = YES;
				CLANG_WARN_OBJC_LITERAL_CONVERSION = YES;
				CLANG_WARN_OBJC_ROOT_CLASS = YES_ERROR;
				CLANG_WARN_QUOTED_INCLUDE_IN_FRAMEWORK_HEADER = YES;
				CLANG_WARN_RANGE_LOOP_ANALYSIS = YES;
				CLANG_WARN_STRICT_PROTOTYPES = YES;
				CLANG_WARN_SUSPICIOUS_MOVE = YES;
				CLANG_WARN_UNGUARDED_AVAILABILITY = YES_AGGRESSIVE;
				CLANG_WARN_UNREACHABLE_CODE = YES;
				CLANG_WARN__DUPLICATE_METHOD_MATCH = YES;
				COPY_PHASE_STRIP = NO;
				DEBUG_INFORMATION_FORMAT = dwarf;
				ENABLE_STRICT_OBJC_MSGSEND = YES;
				ENABLE_TESTABILITY = YES;
				GCC_C_LANGUAGE_STANDARD = gnu11;
				GCC_DYNAMIC_NO_PIC = NO;
				GCC_NO_COMMON_BLOCKS = YES;
				GCC_OPTIMIZATION_LEVEL = 0;
				GCC_PREPROCESSOR_DEFINITIONS = (
					"DEBUG=1",
					"$(inherited)",
				);
				GCC_WARN_64_TO_32_BIT_CONVERSION = YES;
				GCC_WARN_ABOUT_RETURN_TYPE = YES_ERROR;
				GCC_WARN_UNDECLARED_SELECTOR = YES;
				GCC_WARN_UNINITIALIZED_AUTOS = YES_AGGRESSIVE;
				GCC_WARN_UNUSED_FUNCTION = YES;
				GCC_WARN_UNUSED_VARIABLE = YES;
				IPHONEOS_DEPLOYMENT_TARGET = 16.2;
				MTL_ENABLE_DEBUG_INFO = INCLUDE_SOURCE;
				MTL_FAST_MATH = YES;
				ONLY_ACTIVE_ARCH = YES;
				SDKROOT = iphoneos;
				SWIFT_ACTIVE_COMPILATION_CONDITIONS = DEBUG;
				SWIFT_OPTIMIZATION_LEVEL = "-Onone";
			};
			name = Debug;
		};
		BAC694422975980D003BDCC9 /* Release */ = {
			isa = XCBuildConfiguration;
			buildSettings = {
				ALWAYS_SEARCH_USER_PATHS = NO;
				CLANG_ANALYZER_NONNULL = YES;
				CLANG_ANALYZER_NUMBER_OBJECT_CONVERSION = YES_AGGRESSIVE;
				CLANG_CXX_LANGUAGE_STANDARD = "gnu++20";
				CLANG_ENABLE_MODULES = YES;
				CLANG_ENABLE_OBJC_ARC = YES;
				CLANG_ENABLE_OBJC_WEAK = YES;
				CLANG_WARN_BLOCK_CAPTURE_AUTORELEASING = YES;
				CLANG_WARN_BOOL_CONVERSION = YES;
				CLANG_WARN_COMMA = YES;
				CLANG_WARN_CONSTANT_CONVERSION = YES;
				CLANG_WARN_DEPRECATED_OBJC_IMPLEMENTATIONS = YES;
				CLANG_WARN_DIRECT_OBJC_ISA_USAGE = YES_ERROR;
				CLANG_WARN_DOCUMENTATION_COMMENTS = YES;
				CLANG_WARN_EMPTY_BODY = YES;
				CLANG_WARN_ENUM_CONVERSION = YES;
				CLANG_WARN_INFINITE_RECURSION = YES;
				CLANG_WARN_INT_CONVERSION = YES;
				CLANG_WARN_NON_LITERAL_NULL_CONVERSION = YES;
				CLANG_WARN_OBJC_IMPLICIT_RETAIN_SELF = YES;
				CLANG_WARN_OBJC_LITERAL_CONVERSION = YES;
				CLANG_WARN_OBJC_ROOT_CLASS = YES_ERROR;
				CLANG_WARN_QUOTED_INCLUDE_IN_FRAMEWORK_HEADER = YES;
				CLANG_WARN_RANGE_LOOP_ANALYSIS = YES;
				CLANG_WARN_STRICT_PROTOTYPES = YES;
				CLANG_WARN_SUSPICIOUS_MOVE = YES;
				CLANG_WARN_UNGUARDED_AVAILABILITY = YES_AGGRESSIVE;
				CLANG_WARN_UNREACHABLE_CODE = YES;
				CLANG_WARN__DUPLICATE_METHOD_MATCH = YES;
				COPY_PHASE_STRIP = NO;
				DEBUG_INFORMATION_FORMAT = "dwarf-with-dsym";
				ENABLE_NS_ASSERTIONS = NO;
				ENABLE_STRICT_OBJC_MSGSEND = YES;
				GCC_C_LANGUAGE_STANDARD = gnu11;
				GCC_NO_COMMON_BLOCKS = YES;
				GCC_WARN_64_TO_32_BIT_CONVERSION = YES;
				GCC_WARN_ABOUT_RETURN_TYPE = YES_ERROR;
				GCC_WARN_UNDECLARED_SELECTOR = YES;
				GCC_WARN_UNINITIALIZED_AUTOS = YES_AGGRESSIVE;
				GCC_WARN_UNUSED_FUNCTION = YES;
				GCC_WARN_UNUSED_VARIABLE = YES;
				IPHONEOS_DEPLOYMENT_TARGET = 16.2;
				MTL_ENABLE_DEBUG_INFO = NO;
				MTL_FAST_MATH = YES;
				SDKROOT = iphoneos;
				SWIFT_COMPILATION_MODE = wholemodule;
				SWIFT_OPTIMIZATION_LEVEL = "-O";
				VALIDATE_PRODUCT = YES;
			};
			name = Release;
		};
		BAC694442975980D003BDCC9 /* Debug */ = {
			isa = XCBuildConfiguration;
			buildSettings = {
				ASSETCATALOG_COMPILER_APPICON_NAME = AppIcon;
				ASSETCATALOG_COMPILER_GLOBAL_ACCENT_COLOR_NAME = AccentColor;
				CODE_SIGN_STYLE = Automatic;
				CURRENT_PROJECT_VERSION = 1;
				DEVELOPMENT_TEAM = 3FTQV7XD9L;
				GENERATE_INFOPLIST_FILE = YES;
				INFOPLIST_FILE = swipematter/Info.plist;
				INFOPLIST_KEY_UIApplicationSupportsIndirectInputEvents = YES;
				INFOPLIST_KEY_UILaunchStoryboardName = LaunchScreen;
				INFOPLIST_KEY_UIMainStoryboardFile = Main;
				INFOPLIST_KEY_UISupportedInterfaceOrientations_iPad = "UIInterfaceOrientationPortrait UIInterfaceOrientationPortraitUpsideDown UIInterfaceOrientationLandscapeLeft UIInterfaceOrientationLandscapeRight";
				INFOPLIST_KEY_UISupportedInterfaceOrientations_iPhone = "UIInterfaceOrientationPortrait UIInterfaceOrientationLandscapeLeft UIInterfaceOrientationLandscapeRight";
				IPHONEOS_DEPLOYMENT_TARGET = 16.1;
				LD_RUNPATH_SEARCH_PATHS = (
					"$(inherited)",
					"@executable_path/Frameworks",
				);
				MARKETING_VERSION = 1.0;
				PRODUCT_BUNDLE_IDENTIFIER = com.jefferywidroff.test.swipematter;
				PRODUCT_NAME = "$(TARGET_NAME)";
				SWIFT_EMIT_LOC_STRINGS = YES;
				SWIFT_VERSION = 5.0;
				TARGETED_DEVICE_FAMILY = "1,2";
			};
			name = Debug;
		};
		BAC694452975980D003BDCC9 /* Release */ = {
			isa = XCBuildConfiguration;
			buildSettings = {
				ASSETCATALOG_COMPILER_APPICON_NAME = AppIcon;
				ASSETCATALOG_COMPILER_GLOBAL_ACCENT_COLOR_NAME = AccentColor;
				CODE_SIGN_STYLE = Automatic;
				CURRENT_PROJECT_VERSION = 1;
				DEVELOPMENT_TEAM = 3FTQV7XD9L;
				GENERATE_INFOPLIST_FILE = YES;
				INFOPLIST_FILE = swipematter/Info.plist;
				INFOPLIST_KEY_UIApplicationSupportsIndirectInputEvents = YES;
				INFOPLIST_KEY_UILaunchStoryboardName = LaunchScreen;
				INFOPLIST_KEY_UIMainStoryboardFile = Main;
				INFOPLIST_KEY_UISupportedInterfaceOrientations_iPad = "UIInterfaceOrientationPortrait UIInterfaceOrientationPortraitUpsideDown UIInterfaceOrientationLandscapeLeft UIInterfaceOrientationLandscapeRight";
				INFOPLIST_KEY_UISupportedInterfaceOrientations_iPhone = "UIInterfaceOrientationPortrait UIInterfaceOrientationLandscapeLeft UIInterfaceOrientationLandscapeRight";
				IPHONEOS_DEPLOYMENT_TARGET = 16.1;
				LD_RUNPATH_SEARCH_PATHS = (
					"$(inherited)",
					"@executable_path/Frameworks",
				);
				MARKETING_VERSION = 1.0;
				PRODUCT_BUNDLE_IDENTIFIER = com.jefferywidroff.test.swipematter;
				PRODUCT_NAME = "$(TARGET_NAME)";
				SWIFT_EMIT_LOC_STRINGS = YES;
				SWIFT_VERSION = 5.0;
				TARGETED_DEVICE_FAMILY = "1,2";
			};
			name = Release;
		};
		BAC694472975980D003BDCC9 /* Debug */ = {
			isa = XCBuildConfiguration;
			buildSettings = {
				ALWAYS_EMBED_SWIFT_STANDARD_LIBRARIES = YES;
				BUNDLE_LOADER = "$(TEST_HOST)";
				CODE_SIGN_STYLE = Automatic;
				CURRENT_PROJECT_VERSION = 1;
				DEVELOPMENT_TEAM = 3FTQV7XD9L;
				GENERATE_INFOPLIST_FILE = YES;
				IPHONEOS_DEPLOYMENT_TARGET = 16.2;
				MARKETING_VERSION = 1.0;
				PRODUCT_BUNDLE_IDENTIFIER = com.jefferywidroff.test.swipematterTests;
				PRODUCT_NAME = "$(TARGET_NAME)";
				SWIFT_EMIT_LOC_STRINGS = NO;
				SWIFT_VERSION = 5.0;
				TARGETED_DEVICE_FAMILY = "1,2";
				TEST_HOST = "$(BUILT_PRODUCTS_DIR)/swipematter.app/$(BUNDLE_EXECUTABLE_FOLDER_PATH)/swipematter";
			};
			name = Debug;
		};
		BAC694482975980D003BDCC9 /* Release */ = {
			isa = XCBuildConfiguration;
			buildSettings = {
				ALWAYS_EMBED_SWIFT_STANDARD_LIBRARIES = YES;
				BUNDLE_LOADER = "$(TEST_HOST)";
				CODE_SIGN_STYLE = Automatic;
				CURRENT_PROJECT_VERSION = 1;
				DEVELOPMENT_TEAM = 3FTQV7XD9L;
				GENERATE_INFOPLIST_FILE = YES;
				IPHONEOS_DEPLOYMENT_TARGET = 16.2;
				MARKETING_VERSION = 1.0;
				PRODUCT_BUNDLE_IDENTIFIER = com.jefferywidroff.test.swipematterTests;
				PRODUCT_NAME = "$(TARGET_NAME)";
				SWIFT_EMIT_LOC_STRINGS = NO;
				SWIFT_VERSION = 5.0;
				TARGETED_DEVICE_FAMILY = "1,2";
				TEST_HOST = "$(BUILT_PRODUCTS_DIR)/swipematter.app/$(BUNDLE_EXECUTABLE_FOLDER_PATH)/swipematter";
			};
			name = Release;
		};
		BAC6944A2975980D003BDCC9 /* Debug */ = {
			isa = XCBuildConfiguration;
			buildSettings = {
				ALWAYS_EMBED_SWIFT_STANDARD_LIBRARIES = YES;
				CODE_SIGN_STYLE = Automatic;
				CURRENT_PROJECT_VERSION = 1;
				DEVELOPMENT_TEAM = 3FTQV7XD9L;
				GENERATE_INFOPLIST_FILE = YES;
				MARKETING_VERSION = 1.0;
				PRODUCT_BUNDLE_IDENTIFIER = com.jefferywidroff.test.swipematterUITests;
				PRODUCT_NAME = "$(TARGET_NAME)";
				SWIFT_EMIT_LOC_STRINGS = NO;
				SWIFT_VERSION = 5.0;
				TARGETED_DEVICE_FAMILY = "1,2";
				TEST_TARGET_NAME = swipematter;
			};
			name = Debug;
		};
		BAC6944B2975980D003BDCC9 /* Release */ = {
			isa = XCBuildConfiguration;
			buildSettings = {
				ALWAYS_EMBED_SWIFT_STANDARD_LIBRARIES = YES;
				CODE_SIGN_STYLE = Automatic;
				CURRENT_PROJECT_VERSION = 1;
				DEVELOPMENT_TEAM = 3FTQV7XD9L;
				GENERATE_INFOPLIST_FILE = YES;
				MARKETING_VERSION = 1.0;
				PRODUCT_BUNDLE_IDENTIFIER = com.jefferywidroff.test.swipematterUITests;
				PRODUCT_NAME = "$(TARGET_NAME)";
				SWIFT_EMIT_LOC_STRINGS = NO;
				SWIFT_VERSION = 5.0;
				TARGETED_DEVICE_FAMILY = "1,2";
				TEST_TARGET_NAME = swipematter;
			};
			name = Release;
		};
/* End XCBuildConfiguration section */

/* Begin XCConfigurationList section */
		BAC694142975980C003BDCC9 /* Build configuration list for PBXProject "swipematter" */ = {
			isa = XCConfigurationList;
			buildConfigurations = (
				BAC694412975980D003BDCC9 /* Debug */,
				BAC694422975980D003BDCC9 /* Release */,
			);
			defaultConfigurationIsVisible = 0;
			defaultConfigurationName = Release;
		};
		BAC694432975980D003BDCC9 /* Build configuration list for PBXNativeTarget "swipematter" */ = {
			isa = XCConfigurationList;
			buildConfigurations = (
				BAC694442975980D003BDCC9 /* Debug */,
				BAC694452975980D003BDCC9 /* Release */,
			);
			defaultConfigurationIsVisible = 0;
			defaultConfigurationName = Release;
		};
		BAC694462975980D003BDCC9 /* Build configuration list for PBXNativeTarget "swipematterTests" */ = {
			isa = XCConfigurationList;
			buildConfigurations = (
				BAC694472975980D003BDCC9 /* Debug */,
				BAC694482975980D003BDCC9 /* Release */,
			);
			defaultConfigurationIsVisible = 0;
			defaultConfigurationName = Release;
		};
		BAC694492975980D003BDCC9 /* Build configuration list for PBXNativeTarget "swipematterUITests" */ = {
			isa = XCConfigurationList;
			buildConfigurations = (
				BAC6944A2975980D003BDCC9 /* Debug */,
				BAC6944B2975980D003BDCC9 /* Release */,
			);
			defaultConfigurationIsVisible = 0;
			defaultConfigurationName = Release;
		};
/* End XCConfigurationList section */
	};
	rootObject = BAC694112975980C003BDCC9 /* Project object */;
}
